PODS:
  - Flutter (1.0.0)
  - path_provider_foundation (0.0.1):
    - Flutter
    - FlutterMacOS
  - sound_edit (0.0.1):
    - Flutter

DEPENDENCIES:
  - Flutter (from `Flutter`)
  - path_provider_foundation (from `.symlinks/plugins/path_provider_foundation/darwin`)
  - sound_edit (from `.symlinks/plugins/sound_edit/ios`)

EXTERNAL SOURCES:
  Flutter:
    :path: Flutter
  path_provider_foundation:
    :path: ".symlinks/plugins/path_provider_foundation/darwin"
  sound_edit:
    :path: ".symlinks/plugins/sound_edit/ios"

SPEC CHECKSUMS:
  Flutter: f04841e97a9d0b0a8025694d0796dd46242b2854
  path_provider_foundation: eaf5b3e458fc0e5fbb9940fb09980e853fe058b8
  sound_edit: 9a933ebdd37391297a7f0e2ed0b745378bc71663

PODFILE CHECKSUM: 0f9a42021a0facfd8df910d87d2f3a6b70e6b93c

COCOAPODS: 1.12.0
